{
  "name": "shared",
  "version": "1.0.0",
  "lockfileVersion": 3,
  "requires": true,
  "packages": {
    "": {
      "name": "shared",
      "version": "1.0.0",
      "dependencies": {
        "shared": "file:../shared"
      }
    },
    "../shared": {
      "version": "1.0.0"
    },
    "node_modules/shared": {
      "resolved": "../shared",
      "link": true
    }
  }
}
